
Microsoft Visual Studio Solution File, Format Version 12.00
# Visual Studio Version 17
VisualStudioVersion = 17.0.31903.59
MinimumVisualStudioVersion = 10.0.40219.1
Project("{F2A71F9B-5D33-465A-A702-920D77279786}") = "CleanCodeTodoApp", "CleanCodeTodoApp\CleanCodeTodoApp.fsproj", "{70D86933-651B-4238-8D4B-8083226BA5D4}"
EndProject
Project("{F2A71F9B-5D33-465A-A702-920D77279786}") = "Tests", "Tests\Tests.fsproj", "{371D6C12-3471-4CB1-B9F9-08DEAACC98EC}"
EndProject
Global
	GlobalSection(SolutionConfigurationPlatforms) = preSolution
		Debug|Any CPU = Debug|Any CPU
		Release|Any CPU = Release|Any CPU
	EndGlobalSection
	GlobalSection(SolutionProperties) = preSolution
		HideSolutionNode = FALSE
	EndGlobalSection
	GlobalSection(ProjectConfigurationPlatforms) = postSolution
		{70D86933-651B-4238-8D4B-8083226BA5D4}.Debug|Any CPU.ActiveCfg = Debug|Any CPU
		{70D86933-651B-4238-8D4B-8083226BA5D4}.Debug|Any CPU.Build.0 = Debug|Any CPU
		{70D86933-651B-4238-8D4B-8083226BA5D4}.Release|Any CPU.ActiveCfg = Release|Any CPU
		{70D86933-651B-4238-8D4B-8083226BA5D4}.Release|Any CPU.Build.0 = Release|Any CPU
		{371D6C12-3471-4CB1-B9F9-08DEAACC98EC}.Debug|Any CPU.ActiveCfg = Debug|Any CPU
		{371D6C12-3471-4CB1-B9F9-08DEAACC98EC}.Debug|Any CPU.Build.0 = Debug|Any CPU
		{371D6C12-3471-4CB1-B9F9-08DEAACC98EC}.Release|Any CPU.ActiveCfg = Release|Any CPU
		{371D6C12-3471-4CB1-B9F9-08DEAACC98EC}.Release|Any CPU.Build.0 = Release|Any CPU
	EndGlobalSection
EndGlobal
